// !$*UTF8*$!
{
	archiveVersion = 1;
	classes = {
	};
	objectVersion = 56;
	objects = {

/* Begin PBXBuildFile section */
		909D99C228F3DC8600E0D1C0 /* GoogleService-Info.plist in Resources */ = {isa = PBXBuildFile; fileRef = 909D99C128F3DC8600E0D1C0 /* GoogleService-Info.plist */; };
		90A1AF1929064C0600995909 /* StorageModule.swift in Sources */ = {isa = PBXBuildFile; fileRef = 90A1AF1829064C0600995909 /* StorageModule.swift */; };
		90A1AF1C29064C5C00995909 /* StorageImageHandler.swift in Sources */ = {isa = PBXBuildFile; fileRef = 90A1AF1B29064C5C00995909 /* StorageImageHandler.swift */; };
		BF00078E28FFE460000189D4 /* Extension.swift in Sources */ = {isa = PBXBuildFile; fileRef = BF00078D28FFE460000189D4 /* Extension.swift */; };
		BF00079128FFE482000189D4 /* Constants.swift in Sources */ = {isa = PBXBuildFile; fileRef = BF00079028FFE482000189D4 /* Constants.swift */; };
		BF00079728FFE489000189D4 /* PictureViewCell.swift in Sources */ = {isa = PBXBuildFile; fileRef = BF00079428FFE489000189D4 /* PictureViewCell.swift */; };
		BF00079828FFE489000189D4 /* InformationView.swift in Sources */ = {isa = PBXBuildFile; fileRef = BF00079528FFE489000189D4 /* InformationView.swift */; };
		BF00079928FFE489000189D4 /* MyPictureController.swift in Sources */ = {isa = PBXBuildFile; fileRef = BF00079628FFE489000189D4 /* MyPictureController.swift */; };
		BF51E5CC28F52EDD002609F7 /* FirebaseStorage in Frameworks */ = {isa = PBXBuildFile; productRef = BF51E5CB28F52EDD002609F7 /* FirebaseStorage */; };
		BF51E5CF28F52F7D002609F7 /* NMapsMap in Frameworks */ = {isa = PBXBuildFile; productRef = BF51E5CE28F52F7D002609F7 /* NMapsMap */; };
		BF51E9CD28ED316C0011952E /* AppDelegate.swift in Sources */ = {isa = PBXBuildFile; fileRef = BF51E9CC28ED316C0011952E /* AppDelegate.swift */; };
		BF51E9CF28ED316C0011952E /* SceneDelegate.swift in Sources */ = {isa = PBXBuildFile; fileRef = BF51E9CE28ED316C0011952E /* SceneDelegate.swift */; };
		BF51E9D128ED316C0011952E /* MainTabBarViewController.swift in Sources */ = {isa = PBXBuildFile; fileRef = BF51E9D028ED316C0011952E /* MainTabBarViewController.swift */; };
		BF51E9D428ED316C0011952E /* Main.storyboard in Resources */ = {isa = PBXBuildFile; fileRef = BF51E9D228ED316C0011952E /* Main.storyboard */; };
		BF51E9D628ED316D0011952E /* Assets.xcassets in Resources */ = {isa = PBXBuildFile; fileRef = BF51E9D528ED316D0011952E /* Assets.xcassets */; };
		BF51E9D928ED316D0011952E /* LaunchScreen.storyboard in Resources */ = {isa = PBXBuildFile; fileRef = BF51E9D728ED316D0011952E /* LaunchScreen.storyboard */; };
		BF51E9F028EE86CE0011952E /* SpotViewController.swift in Sources */ = {isa = PBXBuildFile; fileRef = BF51E9EF28EE86CE0011952E /* SpotViewController.swift */; };
		BF51E9F228EE86E30011952E /* MapViewController.swift in Sources */ = {isa = PBXBuildFile; fileRef = BF51E9F128EE86E30011952E /* MapViewController.swift */; };
		BF51E9F428EE86F90011952E /* ClubViewController.swift in Sources */ = {isa = PBXBuildFile; fileRef = BF51E9F328EE86F90011952E /* ClubViewController.swift */; };
		BF51E9F628EE87130011952E /* ProfileViewController.swift in Sources */ = {isa = PBXBuildFile; fileRef = BF51E9F528EE87130011952E /* ProfileViewController.swift */; };
/* End PBXBuildFile section */

/* Begin PBXFileReference section */
		909D99C128F3DC8600E0D1C0 /* GoogleService-Info.plist */ = {isa = PBXFileReference; fileEncoding = 4; lastKnownFileType = text.plist.xml; path = "GoogleService-Info.plist"; sourceTree = "<group>"; };
		90A1AF1829064C0600995909 /* StorageModule.swift */ = {isa = PBXFileReference; lastKnownFileType = sourcecode.swift; path = StorageModule.swift; sourceTree = "<group>"; };
		90A1AF1B29064C5C00995909 /* StorageImageHandler.swift */ = {isa = PBXFileReference; lastKnownFileType = sourcecode.swift; path = StorageImageHandler.swift; sourceTree = "<group>"; };
		BF00078D28FFE460000189D4 /* Extension.swift */ = {isa = PBXFileReference; fileEncoding = 4; lastKnownFileType = sourcecode.swift; path = Extension.swift; sourceTree = "<group>"; };
		BF00079028FFE482000189D4 /* Constants.swift */ = {isa = PBXFileReference; fileEncoding = 4; lastKnownFileType = sourcecode.swift; path = Constants.swift; sourceTree = "<group>"; };
		BF00079428FFE489000189D4 /* PictureViewCell.swift */ = {isa = PBXFileReference; fileEncoding = 4; lastKnownFileType = sourcecode.swift; path = PictureViewCell.swift; sourceTree = "<group>"; };
		BF00079528FFE489000189D4 /* InformationView.swift */ = {isa = PBXFileReference; fileEncoding = 4; lastKnownFileType = sourcecode.swift; path = InformationView.swift; sourceTree = "<group>"; };
		BF00079628FFE489000189D4 /* MyPictureController.swift */ = {isa = PBXFileReference; fileEncoding = 4; lastKnownFileType = sourcecode.swift; path = MyPictureController.swift; sourceTree = "<group>"; };
		BF51E9C928ED316C0011952E /* PicSpot.app */ = {isa = PBXFileReference; explicitFileType = wrapper.application; includeInIndex = 0; path = PicSpot.app; sourceTree = BUILT_PRODUCTS_DIR; };
		BF51E9CC28ED316C0011952E /* AppDelegate.swift */ = {isa = PBXFileReference; lastKnownFileType = sourcecode.swift; path = AppDelegate.swift; sourceTree = "<group>"; };
		BF51E9CE28ED316C0011952E /* SceneDelegate.swift */ = {isa = PBXFileReference; lastKnownFileType = sourcecode.swift; path = SceneDelegate.swift; sourceTree = "<group>"; };
		BF51E9D028ED316C0011952E /* MainTabBarViewController.swift */ = {isa = PBXFileReference; lastKnownFileType = sourcecode.swift; path = MainTabBarViewController.swift; sourceTree = "<group>"; };
		BF51E9D328ED316C0011952E /* Base */ = {isa = PBXFileReference; lastKnownFileType = file.storyboard; name = Base; path = Base.lproj/Main.storyboard; sourceTree = "<group>"; };
		BF51E9D528ED316D0011952E /* Assets.xcassets */ = {isa = PBXFileReference; lastKnownFileType = folder.assetcatalog; path = Assets.xcassets; sourceTree = "<group>"; };
		BF51E9D828ED316D0011952E /* Base */ = {isa = PBXFileReference; lastKnownFileType = file.storyboard; name = Base; path = Base.lproj/LaunchScreen.storyboard; sourceTree = "<group>"; };
		BF51E9DA28ED316D0011952E /* Info.plist */ = {isa = PBXFileReference; lastKnownFileType = text.plist.xml; path = Info.plist; sourceTree = "<group>"; };
		BF51E9EF28EE86CE0011952E /* SpotViewController.swift */ = {isa = PBXFileReference; lastKnownFileType = sourcecode.swift; path = SpotViewController.swift; sourceTree = "<group>"; };
		BF51E9F128EE86E30011952E /* MapViewController.swift */ = {isa = PBXFileReference; lastKnownFileType = sourcecode.swift; path = MapViewController.swift; sourceTree = "<group>"; };
		BF51E9F328EE86F90011952E /* ClubViewController.swift */ = {isa = PBXFileReference; lastKnownFileType = sourcecode.swift; path = ClubViewController.swift; sourceTree = "<group>"; };
		BF51E9F528EE87130011952E /* ProfileViewController.swift */ = {isa = PBXFileReference; lastKnownFileType = sourcecode.swift; path = ProfileViewController.swift; sourceTree = "<group>"; };
/* End PBXFileReference section */

/* Begin PBXFrameworksBuildPhase section */
		BF51E9C628ED316C0011952E /* Frameworks */ = {
			isa = PBXFrameworksBuildPhase;
			buildActionMask = 2147483647;
			files = (
				BF51E5CC28F52EDD002609F7 /* FirebaseStorage in Frameworks */,
				BF51E5CF28F52F7D002609F7 /* NMapsMap in Frameworks */,
			);
			runOnlyForDeploymentPostprocessing = 0;
		};
/* End PBXFrameworksBuildPhase section */

/* Begin PBXGroup section */
		90A1AF1A29064C3300995909 /* Utility */ = {
			isa = PBXGroup;
			children = (
				90A1AF1B29064C5C00995909 /* StorageImageHandler.swift */,
			);
			name = Utility;
			path = Models/Utility;
			sourceTree = "<group>";
		};
		BF00078C28FFE460000189D4 /* Extensions */ = {
			isa = PBXGroup;
			children = (
				BF00078D28FFE460000189D4 /* Extension.swift */,
			);
			path = Extensions;
			sourceTree = "<group>";
		};
		BF00078F28FFE482000189D4 /* Models */ = {
			isa = PBXGroup;
			children = (
				BF00079028FFE482000189D4 /* Constants.swift */,
				90A1AF1829064C0600995909 /* StorageModule.swift */,
			);
			path = Models;
			sourceTree = "<group>";
		};
		BF00079228FFE489000189D4 /* Views */ = {
			isa = PBXGroup;
			children = (
				BF00079328FFE489000189D4 /* Profile */,
			);
			path = Views;
			sourceTree = "<group>";
		};
		BF00079328FFE489000189D4 /* Profile */ = {
			isa = PBXGroup;
			children = (
				BF00079428FFE489000189D4 /* PictureViewCell.swift */,
				BF00079528FFE489000189D4 /* InformationView.swift */,
				BF00079628FFE489000189D4 /* MyPictureController.swift */,
			);
			path = Profile;
			sourceTree = "<group>";
		};
		BF51E9C028ED316C0011952E = {
			isa = PBXGroup;
			children = (
				BF51E9CB28ED316C0011952E /* PicSpot */,
				BF51E9CA28ED316C0011952E /* Products */,
			);
			sourceTree = "<group>";
		};
		BF51E9CA28ED316C0011952E /* Products */ = {
			isa = PBXGroup;
			children = (
				BF51E9C928ED316C0011952E /* PicSpot.app */,
			);
			name = Products;
			sourceTree = "<group>";
		};
		BF51E9CB28ED316C0011952E /* PicSpot */ = {
			isa = PBXGroup;
			children = (
				BF51E9CC28ED316C0011952E /* AppDelegate.swift */,
				BF51E9CE28ED316C0011952E /* SceneDelegate.swift */,
				BF51E9D028ED316C0011952E /* MainTabBarViewController.swift */,
				90A1AF1A29064C3300995909 /* Utility */,
				BF00078F28FFE482000189D4 /* Models */,
				BF00079228FFE489000189D4 /* Views */,
				BF51E9EE28EE86BD0011952E /* Controllers */,
				BF00078C28FFE460000189D4 /* Extensions */,
				BF51E9D228ED316C0011952E /* Main.storyboard */,
				BF51E9D528ED316D0011952E /* Assets.xcassets */,
				BF51E9D728ED316D0011952E /* LaunchScreen.storyboard */,
				909D99C128F3DC8600E0D1C0 /* GoogleService-Info.plist */,
				BF51E9DA28ED316D0011952E /* Info.plist */,
			);
			path = PicSpot;
			sourceTree = "<group>";
		};
		BF51E9EE28EE86BD0011952E /* Controllers */ = {
			isa = PBXGroup;
			children = (
				BF51E9EF28EE86CE0011952E /* SpotViewController.swift */,
				BF51E9F128EE86E30011952E /* MapViewController.swift */,
				BF51E9F328EE86F90011952E /* ClubViewController.swift */,
				BF51E9F528EE87130011952E /* ProfileViewController.swift */,
			);
			path = Controllers;
			sourceTree = "<group>";
		};
/* End PBXGroup section */

/* Begin PBXNativeTarget section */
		BF51E9C828ED316C0011952E /* PicSpot */ = {
			isa = PBXNativeTarget;
			buildConfigurationList = BF51E9DD28ED316D0011952E /* Build configuration list for PBXNativeTarget "PicSpot" */;
			buildPhases = (
				BF51E9E228ED8D150011952E /* ShellScript */,
				BF51E9C528ED316C0011952E /* Sources */,
				BF51E9C628ED316C0011952E /* Frameworks */,
				BF51E9C728ED316C0011952E /* Resources */,
			);
			buildRules = (
			);
			dependencies = (
			);
			name = PicSpot;
			packageProductDependencies = (
				BF51E5CB28F52EDD002609F7 /* FirebaseStorage */,
				BF51E5CE28F52F7D002609F7 /* NMapsMap */,
			);
			productName = PicSpot;
			productReference = BF51E9C928ED316C0011952E /* PicSpot.app */;
			productType = "com.apple.product-type.application";
		};
/* End PBXNativeTarget section */

/* Begin PBXProject section */
		BF51E9C128ED316C0011952E /* Project object */ = {
			isa = PBXProject;
			attributes = {
				BuildIndependentTargetsInParallel = 1;
				LastSwiftUpdateCheck = 1400;
				LastUpgradeCheck = 1400;
				TargetAttributes = {
					BF51E9C828ED316C0011952E = {
						CreatedOnToolsVersion = 14.0.1;
					};
				};
			};
			buildConfigurationList = BF51E9C428ED316C0011952E /* Build configuration list for PBXProject "PicSpot" */;
			compatibilityVersion = "Xcode 14.0";
			developmentRegion = en;
			hasScannedForEncodings = 0;
			knownRegions = (
				en,
				Base,
			);
			mainGroup = BF51E9C028ED316C0011952E;
			packageReferences = (
				BF51E5CA28F52EDD002609F7 /* XCRemoteSwiftPackageReference "firebase-ios-sdk" */,
				BF51E5CD28F52F7D002609F7 /* XCRemoteSwiftPackageReference "NMapsMap-SPM" */,
			);
			productRefGroup = BF51E9CA28ED316C0011952E /* Products */;
			projectDirPath = "";
			projectRoot = "";
			targets = (
				BF51E9C828ED316C0011952E /* PicSpot */,
			);
		};
/* End PBXProject section */

/* Begin PBXResourcesBuildPhase section */
		BF51E9C728ED316C0011952E /* Resources */ = {
			isa = PBXResourcesBuildPhase;
			buildActionMask = 2147483647;
			files = (
				BF51E9D928ED316D0011952E /* LaunchScreen.storyboard in Resources */,
				909D99C228F3DC8600E0D1C0 /* GoogleService-Info.plist in Resources */,
				BF51E9D628ED316D0011952E /* Assets.xcassets in Resources */,
				BF51E9D428ED316C0011952E /* Main.storyboard in Resources */,
			);
			runOnlyForDeploymentPostprocessing = 0;
		};
/* End PBXResourcesBuildPhase section */

/* Begin PBXShellScriptBuildPhase section */
		BF51E9E228ED8D150011952E /* ShellScript */ = {
			isa = PBXShellScriptBuildPhase;
			alwaysOutOfDate = 1;
			buildActionMask = 2147483647;
			files = (
			);
			inputFileListPaths = (
			);
			inputPaths = (
			);
			outputFileListPaths = (
			);
			outputPaths = (
			);
			runOnlyForDeploymentPostprocessing = 0;
			shellPath = /bin/sh;
			shellScript = "export PATH=\"$PATH:/opt/homebrew/bin\"\nif which swiftlint >/dev/null; then\n  swiftlint\nelse\n  echo \"warning: SwiftLint not installed, download from https://github.com/realm/SwiftLint\"\nfi\n";
		};
/* End PBXShellScriptBuildPhase section */

/* Begin PBXSourcesBuildPhase section */
		BF51E9C528ED316C0011952E /* Sources */ = {
			isa = PBXSourcesBuildPhase;
			buildActionMask = 2147483647;
			files = (
				BF51E9F028EE86CE0011952E /* SpotViewController.swift in Sources */,
				BF00079828FFE489000189D4 /* InformationView.swift in Sources */,
				BF51E9D128ED316C0011952E /* MainTabBarViewController.swift in Sources */,
				90A1AF1929064C0600995909 /* StorageModule.swift in Sources */,
				BF51E9F428EE86F90011952E /* ClubViewController.swift in Sources */,
				BF51E9CD28ED316C0011952E /* AppDelegate.swift in Sources */,
				90A1AF1C29064C5C00995909 /* StorageImageHandler.swift in Sources */,
				BF51E9F628EE87130011952E /* ProfileViewController.swift in Sources */,
				BF51E9F228EE86E30011952E /* MapViewController.swift in Sources */,
				BF51E9CF28ED316C0011952E /* SceneDelegate.swift in Sources */,
				BF00079728FFE489000189D4 /* PictureViewCell.swift in Sources */,
				BF00078E28FFE460000189D4 /* Extension.swift in Sources */,
				BF00079928FFE489000189D4 /* MyPictureController.swift in Sources */,
				BF00079128FFE482000189D4 /* Constants.swift in Sources */,
			);
			runOnlyForDeploymentPostprocessing = 0;
		};
/* End PBXSourcesBuildPhase section */

/* Begin PBXVariantGroup section */
		BF51E9D228ED316C0011952E /* Main.storyboard */ = {
			isa = PBXVariantGroup;
			children = (
				BF51E9D328ED316C0011952E /* Base */,
			);
			name = Main.storyboard;
			sourceTree = "<group>";
		};
		BF51E9D728ED316D0011952E /* LaunchScreen.storyboard */ = {
			isa = PBXVariantGroup;
			children = (
				BF51E9D828ED316D0011952E /* Base */,
			);
			name = LaunchScreen.storyboard;
			sourceTree = "<group>";
		};
/* End PBXVariantGroup section */

/* Begin XCBuildConfiguration section */
		BF51E9DB28ED316D0011952E /* Debug */ = {
			isa = XCBuildConfiguration;
			buildSettings = {
				ALWAYS_SEARCH_USER_PATHS = NO;
				CLANG_ANALYZER_NONNULL = YES;
				CLANG_ANALYZER_NUMBER_OBJECT_CONVERSION = YES_AGGRESSIVE;
				CLANG_CXX_LANGUAGE_STANDARD = "gnu++20";
				CLANG_ENABLE_MODULES = YES;
				CLANG_ENABLE_OBJC_ARC = YES;
				CLANG_ENABLE_OBJC_WEAK = YES;
				CLANG_WARN_BLOCK_CAPTURE_AUTORELEASING = YES;
				CLANG_WARN_BOOL_CONVERSION = YES;
				CLANG_WARN_COMMA = YES;
				CLANG_WARN_CONSTANT_CONVERSION = YES;
				CLANG_WARN_DEPRECATED_OBJC_IMPLEMENTATIONS = YES;
				CLANG_WARN_DIRECT_OBJC_ISA_USAGE = YES_ERROR;
				CLANG_WARN_DOCUMENTATION_COMMENTS = YES;
				CLANG_WARN_EMPTY_BODY = YES;
				CLANG_WARN_ENUM_CONVERSION = YES;
				CLANG_WARN_INFINITE_RECURSION = YES;
				CLANG_WARN_INT_CONVERSION = YES;
				CLANG_WARN_NON_LITERAL_NULL_CONVERSION = YES;
				CLANG_WARN_OBJC_IMPLICIT_RETAIN_SELF = YES;
				CLANG_WARN_OBJC_LITERAL_CONVERSION = YES;
				CLANG_WARN_OBJC_ROOT_CLASS = YES_ERROR;
				CLANG_WARN_QUOTED_INCLUDE_IN_FRAMEWORK_HEADER = YES;
				CLANG_WARN_RANGE_LOOP_ANALYSIS = YES;
				CLANG_WARN_STRICT_PROTOTYPES = YES;
				CLANG_WARN_SUSPICIOUS_MOVE = YES;
				CLANG_WARN_UNGUARDED_AVAILABILITY = YES_AGGRESSIVE;
				CLANG_WARN_UNREACHABLE_CODE = YES;
				CLANG_WARN__DUPLICATE_METHOD_MATCH = YES;
				COPY_PHASE_STRIP = NO;
				DEBUG_INFORMATION_FORMAT = dwarf;
				ENABLE_STRICT_OBJC_MSGSEND = YES;
				ENABLE_TESTABILITY = YES;
				GCC_C_LANGUAGE_STANDARD = gnu11;
				GCC_DYNAMIC_NO_PIC = NO;
				GCC_NO_COMMON_BLOCKS = YES;
				GCC_OPTIMIZATION_LEVEL = 0;
				GCC_PREPROCESSOR_DEFINITIONS = (
					"DEBUG=1",
					"$(inherited)",
				);
				GCC_WARN_64_TO_32_BIT_CONVERSION = YES;
				GCC_WARN_ABOUT_RETURN_TYPE = YES_ERROR;
				GCC_WARN_UNDECLARED_SELECTOR = YES;
				GCC_WARN_UNINITIALIZED_AUTOS = YES_AGGRESSIVE;
				GCC_WARN_UNUSED_FUNCTION = YES;
				GCC_WARN_UNUSED_VARIABLE = YES;
				IPHONEOS_DEPLOYMENT_TARGET = 16.0;
				MTL_ENABLE_DEBUG_INFO = INCLUDE_SOURCE;
				MTL_FAST_MATH = YES;
				ONLY_ACTIVE_ARCH = YES;
				SDKROOT = iphoneos;
				SWIFT_ACTIVE_COMPILATION_CONDITIONS = DEBUG;
				SWIFT_OPTIMIZATION_LEVEL = "-Onone";
			};
			name = Debug;
		};
		BF51E9DC28ED316D0011952E /* Release */ = {
			isa = XCBuildConfiguration;
			buildSettings = {
				ALWAYS_SEARCH_USER_PATHS = NO;
				CLANG_ANALYZER_NONNULL = YES;
				CLANG_ANALYZER_NUMBER_OBJECT_CONVERSION = YES_AGGRESSIVE;
				CLANG_CXX_LANGUAGE_STANDARD = "gnu++20";
				CLANG_ENABLE_MODULES = YES;
				CLANG_ENABLE_OBJC_ARC = YES;
				CLANG_ENABLE_OBJC_WEAK = YES;
				CLANG_WARN_BLOCK_CAPTURE_AUTORELEASING = YES;
				CLANG_WARN_BOOL_CONVERSION = YES;
				CLANG_WARN_COMMA = YES;
				CLANG_WARN_CONSTANT_CONVERSION = YES;
				CLANG_WARN_DEPRECATED_OBJC_IMPLEMENTATIONS = YES;
				CLANG_WARN_DIRECT_OBJC_ISA_USAGE = YES_ERROR;
				CLANG_WARN_DOCUMENTATION_COMMENTS = YES;
				CLANG_WARN_EMPTY_BODY = YES;
				CLANG_WARN_ENUM_CONVERSION = YES;
				CLANG_WARN_INFINITE_RECURSION = YES;
				CLANG_WARN_INT_CONVERSION = YES;
				CLANG_WARN_NON_LITERAL_NULL_CONVERSION = YES;
				CLANG_WARN_OBJC_IMPLICIT_RETAIN_SELF = YES;
				CLANG_WARN_OBJC_LITERAL_CONVERSION = YES;
				CLANG_WARN_OBJC_ROOT_CLASS = YES_ERROR;
				CLANG_WARN_QUOTED_INCLUDE_IN_FRAMEWORK_HEADER = YES;
				CLANG_WARN_RANGE_LOOP_ANALYSIS = YES;
				CLANG_WARN_STRICT_PROTOTYPES = YES;
				CLANG_WARN_SUSPICIOUS_MOVE = YES;
				CLANG_WARN_UNGUARDED_AVAILABILITY = YES_AGGRESSIVE;
				CLANG_WARN_UNREACHABLE_CODE = YES;
				CLANG_WARN__DUPLICATE_METHOD_MATCH = YES;
				COPY_PHASE_STRIP = NO;
				DEBUG_INFORMATION_FORMAT = "dwarf-with-dsym";
				ENABLE_NS_ASSERTIONS = NO;
				ENABLE_STRICT_OBJC_MSGSEND = YES;
				GCC_C_LANGUAGE_STANDARD = gnu11;
				GCC_NO_COMMON_BLOCKS = YES;
				GCC_WARN_64_TO_32_BIT_CONVERSION = YES;
				GCC_WARN_ABOUT_RETURN_TYPE = YES_ERROR;
				GCC_WARN_UNDECLARED_SELECTOR = YES;
				GCC_WARN_UNINITIALIZED_AUTOS = YES_AGGRESSIVE;
				GCC_WARN_UNUSED_FUNCTION = YES;
				GCC_WARN_UNUSED_VARIABLE = YES;
				IPHONEOS_DEPLOYMENT_TARGET = 16.0;
				MTL_ENABLE_DEBUG_INFO = NO;
				MTL_FAST_MATH = YES;
				SDKROOT = iphoneos;
				SWIFT_COMPILATION_MODE = wholemodule;
				SWIFT_OPTIMIZATION_LEVEL = "-O";
				VALIDATE_PRODUCT = YES;
			};
			name = Release;
		};
		BF51E9DE28ED316D0011952E /* Debug */ = {
			isa = XCBuildConfiguration;
			buildSettings = {
				ASSETCATALOG_COMPILER_APPICON_NAME = AppIcon;
				ASSETCATALOG_COMPILER_GLOBAL_ACCENT_COLOR_NAME = AccentColor;
				CODE_SIGN_STYLE = Automatic;
				CURRENT_PROJECT_VERSION = 1;
				DEVELOPMENT_TEAM = DD8VYBJ73D;
				GENERATE_INFOPLIST_FILE = YES;
				INFOPLIST_FILE = PicSpot/Info.plist;
				INFOPLIST_KEY_NSPhotoLibraryUsageDescription = "이 앱은 당신의 사진의 정보를 가져옵니다";
				INFOPLIST_KEY_UIApplicationSupportsIndirectInputEvents = YES;
				INFOPLIST_KEY_UILaunchStoryboardName = LaunchScreen;
				INFOPLIST_KEY_UIMainStoryboardFile = Main;
				INFOPLIST_KEY_UISupportedInterfaceOrientations_iPad = "UIInterfaceOrientationPortrait UIInterfaceOrientationPortraitUpsideDown UIInterfaceOrientationLandscapeLeft UIInterfaceOrientationLandscapeRight";
				INFOPLIST_KEY_UISupportedInterfaceOrientations_iPhone = "UIInterfaceOrientationPortrait UIInterfaceOrientationLandscapeLeft UIInterfaceOrientationLandscapeRight";
				LD_RUNPATH_SEARCH_PATHS = (
					"$(inherited)",
					"@executable_path/Frameworks",
				);
				MARKETING_VERSION = 1.0;
				PRODUCT_BUNDLE_IDENTIFIER = com.42Swift.PicSpot;
				PRODUCT_NAME = "$(TARGET_NAME)";
				SWIFT_EMIT_LOC_STRINGS = YES;
				SWIFT_VERSION = 5.0;
				TARGETED_DEVICE_FAMILY = "1,2";
			};
			name = Debug;
		};
		BF51E9DF28ED316D0011952E /* Release */ = {
			isa = XCBuildConfiguration;
			buildSettings = {
				ASSETCATALOG_COMPILER_APPICON_NAME = AppIcon;
				ASSETCATALOG_COMPILER_GLOBAL_ACCENT_COLOR_NAME = AccentColor;
				CODE_SIGN_STYLE = Automatic;
				CURRENT_PROJECT_VERSION = 1;
				DEVELOPMENT_TEAM = DD8VYBJ73D;
				GENERATE_INFOPLIST_FILE = YES;
				INFOPLIST_FILE = PicSpot/Info.plist;
				INFOPLIST_KEY_NSPhotoLibraryUsageDescription = "이 앱은 당신의 사진의 정보를 가져옵니다";
				INFOPLIST_KEY_UIApplicationSupportsIndirectInputEvents = YES;
				INFOPLIST_KEY_UILaunchStoryboardName = LaunchScreen;
				INFOPLIST_KEY_UIMainStoryboardFile = Main;
				INFOPLIST_KEY_UISupportedInterfaceOrientations_iPad = "UIInterfaceOrientationPortrait UIInterfaceOrientationPortraitUpsideDown UIInterfaceOrientationLandscapeLeft UIInterfaceOrientationLandscapeRight";
				INFOPLIST_KEY_UISupportedInterfaceOrientations_iPhone = "UIInterfaceOrientationPortrait UIInterfaceOrientationLandscapeLeft UIInterfaceOrientationLandscapeRight";
				LD_RUNPATH_SEARCH_PATHS = (
					"$(inherited)",
					"@executable_path/Frameworks",
				);
				MARKETING_VERSION = 1.0;
				PRODUCT_BUNDLE_IDENTIFIER = com.42Swift.PicSpot;
				PRODUCT_NAME = "$(TARGET_NAME)";
				SWIFT_EMIT_LOC_STRINGS = YES;
				SWIFT_VERSION = 5.0;
				TARGETED_DEVICE_FAMILY = "1,2";
			};
			name = Release;
		};
/* End XCBuildConfiguration section */

/* Begin XCConfigurationList section */
		BF51E9C428ED316C0011952E /* Build configuration list for PBXProject "PicSpot" */ = {
			isa = XCConfigurationList;
			buildConfigurations = (
				BF51E9DB28ED316D0011952E /* Debug */,
				BF51E9DC28ED316D0011952E /* Release */,
			);
			defaultConfigurationIsVisible = 0;
			defaultConfigurationName = Release;
		};
		BF51E9DD28ED316D0011952E /* Build configuration list for PBXNativeTarget "PicSpot" */ = {
			isa = XCConfigurationList;
			buildConfigurations = (
				BF51E9DE28ED316D0011952E /* Debug */,
				BF51E9DF28ED316D0011952E /* Release */,
			);
			defaultConfigurationIsVisible = 0;
			defaultConfigurationName = Release;
		};
/* End XCConfigurationList section */

/* Begin XCRemoteSwiftPackageReference section */
		BF51E5CA28F52EDD002609F7 /* XCRemoteSwiftPackageReference "firebase-ios-sdk" */ = {
			isa = XCRemoteSwiftPackageReference;
			repositoryURL = "https://github.com/firebase/firebase-ios-sdk";
			requirement = {
				kind = upToNextMajorVersion;
				minimumVersion = 9.0.0;
			};
		};
		BF51E5CD28F52F7D002609F7 /* XCRemoteSwiftPackageReference "NMapsMap-SPM" */ = {
			isa = XCRemoteSwiftPackageReference;
			repositoryURL = "https://github.com/jaemyeong/NMapsMap-SPM";
			requirement = {
				kind = upToNextMajorVersion;
				minimumVersion = 3.0.0;
			};
		};
/* End XCRemoteSwiftPackageReference section */

/* Begin XCSwiftPackageProductDependency section */
		BF51E5CB28F52EDD002609F7 /* FirebaseStorage */ = {
			isa = XCSwiftPackageProductDependency;
			package = BF51E5CA28F52EDD002609F7 /* XCRemoteSwiftPackageReference "firebase-ios-sdk" */;
			productName = FirebaseStorage;
		};
		BF51E5CE28F52F7D002609F7 /* NMapsMap */ = {
			isa = XCSwiftPackageProductDependency;
			package = BF51E5CD28F52F7D002609F7 /* XCRemoteSwiftPackageReference "NMapsMap-SPM" */;
			productName = NMapsMap;
		};
/* End XCSwiftPackageProductDependency section */
	};
	rootObject = BF51E9C128ED316C0011952E /* Project object */;
}
